lockfileVersion: '9.0'

settings:
  autoInstallPeers: true
  excludeLinksFromLockfile: false

importers:

  .:
    dependencies:
      knockout:
        specifier: ^3.5.1
        version: 3.5.1

packages:

  knockout@3.5.1:
    resolution: {integrity: sha512-wRJ9I4az0QcsH7A4v4l0enUpkS++MBx0BnL/68KaLzJg7x1qmbjSlwEoCNol7KTYZ+pmtI7Eh2J0Nu6/2Z5J/Q==}

snapshots:

  knockout@3.5.1: {}
